
Microsoft Visual Studio Solution File, Format Version 12.00
# Visual Studio Version 17
VisualStudioVersion = 17.13.35931.197 d17.13
MinimumVisualStudioVersion = 10.0.40219.1
Project("{54A90642-561A-4BB1-A94E-469ADEE60C69}") = "universaldatacatcher.client", "universaldatacatcher.client\universaldatacatcher.client.esproj", "{B9A58D95-B178-5700-7299-A070373CD9A2}"
EndProject
Project("{FAE04EC0-301F-11D3-BF4B-00C04F79EFBC}") = "UniversalDataCatcher.Server", "UniversalDataCatcher.Server\UniversalDataCatcher.Server.csproj", "{87907BFE-2CA5-4AC7-A178-1309686962E5}"
EndProject
Global
	GlobalSection(SolutionConfigurationPlatforms) = preSolution
		Debug|Any CPU = Debug|Any CPU
		Release|Any CPU = Release|Any CPU
	EndGlobalSection
	GlobalSection(ProjectConfigurationPlatforms) = postSolution
		{B9A58D95-B178-5700-7299-A070373CD9A2}.Debug|Any CPU.ActiveCfg = Debug|Any CPU
		{B9A58D95-B178-5700-7299-A070373CD9A2}.Debug|Any CPU.Build.0 = Debug|Any CPU
		{B9A58D95-B178-5700-7299-A070373CD9A2}.Debug|Any CPU.Deploy.0 = Debug|Any CPU
		{B9A58D95-B178-5700-7299-A070373CD9A2}.Release|Any CPU.ActiveCfg = Release|Any CPU
		{B9A58D95-B178-5700-7299-A070373CD9A2}.Release|Any CPU.Build.0 = Release|Any CPU
		{B9A58D95-B178-5700-7299-A070373CD9A2}.Release|Any CPU.Deploy.0 = Release|Any CPU
		{87907BFE-2CA5-4AC7-A178-1309686962E5}.Debug|Any CPU.ActiveCfg = Debug|Any CPU
		{87907BFE-2CA5-4AC7-A178-1309686962E5}.Debug|Any CPU.Build.0 = Debug|Any CPU
		{87907BFE-2CA5-4AC7-A178-1309686962E5}.Release|Any CPU.ActiveCfg = Release|Any CPU
		{87907BFE-2CA5-4AC7-A178-1309686962E5}.Release|Any CPU.Build.0 = Release|Any CPU
	EndGlobalSection
	GlobalSection(SolutionProperties) = preSolution
		HideSolutionNode = FALSE
	EndGlobalSection
	GlobalSection(ExtensibilityGlobals) = postSolution
		SolutionGuid = {6E99A148-6CC3-47CD-9B03-7042FAF5A48B}
	EndGlobalSection
EndGlobal
